{
  "name": "myapp",
  "version": "1.0.0",
  "lockfileVersion": 2,
  "requires": true,
  "dependencies": {
    "express": {
      "version": "4.17.1",
      "resolved": "https://registry.npmjs.org/express/-/express-4.17.1.tgz",
      "integrity": "sha512-mVbFPhfbOztK/ib34Pf64g3V",
      "requires": {
        "accepts": "^1.3.7",
        "array-flatten": "^1.1.1"
      }
    }
  }
}
